# This file is generated by running "yarn install" inside your project.
# Manual changes might be lost - proceed with caution!

__metadata:
  version: 8
  cacheKey: 10c0

"@checkpointvcs/app@link:../app::locator=%40checkpointvcs%2Ftests%40workspace%3A.":
  version: 0.0.0-use.local
  resolution: "@checkpointvcs/app@link:../app::locator=%40checkpointvcs%2Ftests%40workspace%3A."
  languageName: node
  linkType: soft

"@checkpointvcs/common@link:../core/common::locator=%40checkpointvcs%2Ftests%40workspace%3A.":
  version: 0.0.0-use.local
  resolution: "@checkpointvcs/common@link:../core/common::locator=%40checkpointvcs%2Ftests%40workspace%3A."
  languageName: node
  linkType: soft

"@checkpointvcs/daemon@link:../core/daemon::locator=%40checkpointvcs%2Ftests%40workspace%3A.":
  version: 0.0.0-use.local
  resolution: "@checkpointvcs/daemon@link:../core/daemon::locator=%40checkpointvcs%2Ftests%40workspace%3A."
  languageName: node
  linkType: soft

"@checkpointvcs/tests@workspace:.":
  version: 0.0.0-use.local
  resolution: "@checkpointvcs/tests@workspace:."
  dependencies:
    "@checkpointvcs/app": "link:../app"
    "@checkpointvcs/common": "link:../core/common"
    "@checkpointvcs/daemon": "link:../core/daemon"
    uuid: "npm:^14.0.0"
  peerDependencies:
    "@trpc/client": "*"
    "@trpc/server": "*"
    superjson: "*"
  languageName: unknown
  linkType: soft

"uuid@npm:^14.0.0":
  version: 14.0.0
  resolution: "uuid@npm:14.0.0"
  bin:
    uuid: dist-node/bin/uuid
  checksum: 10c0/a57ae7794c45005c1a9208989196c5baf79a7679c30f43c1bee9033a2c4d113a2cea216fa6fcc9663b08b0d55635df1a7c6eb7e7f3d21c3e50688c698fa39a50
  languageName: node
  linkType: hard
